
Microsoft Visual Studio Solution File, Format Version 12.00
# Visual Studio Version 17
VisualStudioVersion = 17.5.002.0
MinimumVisualStudioVersion = 10.0.40219.1
Project("{9A19103F-16F7-4668-BE54-9A1E7A4F7556}") = "ConsumerRb", "ConsumerRb.csproj", "{22423B48-43ED-42CE-B1C9-C75733F22376}"
EndProject
Global
	GlobalSection(SolutionConfigurationPlatforms) = preSolution
		Debug|Any CPU = Debug|Any CPU
		Release|Any CPU = Release|Any CPU
	EndGlobalSection
	GlobalSection(ProjectConfigurationPlatforms) = postSolution
		{22423B48-43ED-42CE-B1C9-C75733F22376}.Debug|Any CPU.ActiveCfg = Debug|Any CPU
		{22423B48-43ED-42CE-B1C9-C75733F22376}.Debug|Any CPU.Build.0 = Debug|Any CPU
		{22423B48-43ED-42CE-B1C9-C75733F22376}.Release|Any CPU.ActiveCfg = Release|Any CPU
		{22423B48-43ED-42CE-B1C9-C75733F22376}.Release|Any CPU.Build.0 = Release|Any CPU
	EndGlobalSection
	GlobalSection(SolutionProperties) = preSolution
		HideSolutionNode = FALSE
	EndGlobalSection
	GlobalSection(ExtensibilityGlobals) = postSolution
		SolutionGuid = {F6E2593C-4FF0-4311-804E-8A6267E907D1}
	EndGlobalSection
EndGlobal
