
Microsoft Visual Studio Solution File, Format Version 12.00
# Visual Studio Version 17
VisualStudioVersion = 17.5.002.0
MinimumVisualStudioVersion = 10.0.40219.1
Project("{9A19103F-16F7-4668-BE54-9A1E7A4F7556}") = "PublishLog", "PublishLog.csproj", "{C7C23312-6798-4FC9-B609-446A97BA5F97}"
EndProject
Global
	GlobalSection(SolutionConfigurationPlatforms) = preSolution
		Debug|Any CPU = Debug|Any CPU
		Release|Any CPU = Release|Any CPU
	EndGlobalSection
	GlobalSection(ProjectConfigurationPlatforms) = postSolution
		{C7C23312-6798-4FC9-B609-446A97BA5F97}.Debug|Any CPU.ActiveCfg = Debug|Any CPU
		{C7C23312-6798-4FC9-B609-446A97BA5F97}.Debug|Any CPU.Build.0 = Debug|Any CPU
		{C7C23312-6798-4FC9-B609-446A97BA5F97}.Release|Any CPU.ActiveCfg = Release|Any CPU
		{C7C23312-6798-4FC9-B609-446A97BA5F97}.Release|Any CPU.Build.0 = Release|Any CPU
	EndGlobalSection
	GlobalSection(SolutionProperties) = preSolution
		HideSolutionNode = FALSE
	EndGlobalSection
	GlobalSection(ExtensibilityGlobals) = postSolution
		SolutionGuid = {260E80C3-96F4-4A19-BC84-999036269BA0}
	EndGlobalSection
EndGlobal
